<Solution>
  <Configurations>
    <Platform Name="x64" />
    <Platform Name="x86" />
  </Configurations>
  <Folder Name="/Solution Items/">
    <File Path=".gitignore" />
  </Folder>
  <Project Path="LearnCPPChapterTwoQuiz/LearnCPPChapterTwoQuiz.vcxproj" Id="2a46a4a7-762a-4a98-9c23-0d65c4123290" />
</Solution>
